// !$*UTF8*$!
{
	archiveVersion = 1;
	classes = {
	};
	objectVersion = 56;
	objects = {

/* Begin PBXBuildFile section */
		WD0000000000000000000101 /* What_DirectApp.swift in Sources */ = {isa = PBXBuildFile; fileRef = WD0000000000000000000201 /* What_DirectApp.swift */; };
		WD0000000000000000000102 /* HomeView.swift in Sources */ = {isa = PBXBuildFile; fileRef = WD0000000000000000000202 /* HomeView.swift */; };
		WD0000000000000000000103 /* CountryPickerView.swift in Sources */ = {isa = PBXBuildFile; fileRef = WD0000000000000000000203 /* CountryPickerView.swift */; };
		WD0000000000000000000104 /* HomeViewModel.swift in Sources */ = {isa = PBXBuildFile; fileRef = WD0000000000000000000204 /* HomeViewModel.swift */; };
		WD0000000000000000000105 /* Country.swift in Sources */ = {isa = PBXBuildFile; fileRef = WD0000000000000000000205 /* Country.swift */; };
		WD0000000000000000000106 /* PhoneNumberFormatter.swift in Sources */ = {isa = PBXBuildFile; fileRef = WD0000000000000000000206 /* PhoneNumberFormatter.swift */; };
		WD0000000000000000000107 /* Assets.xcassets in Resources */ = {isa = PBXBuildFile; fileRef = WD0000000000000000000207 /* Assets.xcassets */; };
		WD0000000000000000000108 /* RecentEntry.swift in Sources */ = {isa = PBXBuildFile; fileRef = WD0000000000000000000209 /* RecentEntry.swift */; };
		WD0000000000000000000109 /* WhatsAppURLBuilder.swift in Sources */ = {isa = PBXBuildFile; fileRef = WD0000000000000000000210 /* WhatsAppURLBuilder.swift */; };
		WD0000000000000000000110 /* ClipboardManager.swift in Sources */ = {isa = PBXBuildFile; fileRef = WD0000000000000000000211 /* ClipboardManager.swift */; };
		WD0000000000000000000111 /* RecentHistoryStore.swift in Sources */ = {isa = PBXBuildFile; fileRef = WD0000000000000000000212 /* RecentHistoryStore.swift */; };
		WD0000000000000000000113 /* MessageTemplate.swift in Sources */ = {isa = PBXBuildFile; fileRef = WD0000000000000000000214 /* MessageTemplate.swift */; };
		WD0000000000000000000114 /* WhatsAppPayload.swift in Sources */ = {isa = PBXBuildFile; fileRef = WD0000000000000000000215 /* WhatsAppPayload.swift */; };
		WD0000000000000000000115 /* CountryDetector.swift in Sources */ = {isa = PBXBuildFile; fileRef = WD0000000000000000000216 /* CountryDetector.swift */; };
		WD0000000000000000000116 /* TemplateStore.swift in Sources */ = {isa = PBXBuildFile; fileRef = WD0000000000000000000217 /* TemplateStore.swift */; };
		WD0000000000000000000117 /* Haptics.swift in Sources */ = {isa = PBXBuildFile; fileRef = WD0000000000000000000218 /* Haptics.swift */; };
		WD0000000000000000000125 /* AppSettings.swift in Sources */ = {isa = PBXBuildFile; fileRef = WD0000000000000000000226 /* AppSettings.swift */; };
		WD0000000000000000000126 /* SavedContact.swift in Sources */ = {isa = PBXBuildFile; fileRef = WD0000000000000000000227 /* SavedContact.swift */; };
		WD0000000000000000000127 /* SavedContactsStore.swift in Sources */ = {isa = PBXBuildFile; fileRef = WD0000000000000000000228 /* SavedContactsStore.swift */; };
		WD0000000000000000000128 /* SettingsStore.swift in Sources */ = {isa = PBXBuildFile; fileRef = WD0000000000000000000229 /* SettingsStore.swift */; };
		WD0000000000000000000129 /* ConversationLauncher.swift in Sources */ = {isa = PBXBuildFile; fileRef = WD0000000000000000000230 /* ConversationLauncher.swift */; };
		WD0000000000000000000130 /* RootTabView.swift in Sources */ = {isa = PBXBuildFile; fileRef = WD0000000000000000000231 /* RootTabView.swift */; };
		WD0000000000000000000131 /* HistoryView.swift in Sources */ = {isa = PBXBuildFile; fileRef = WD0000000000000000000232 /* HistoryView.swift */; };
		WD0000000000000000000132 /* SavedContactsView.swift in Sources */ = {isa = PBXBuildFile; fileRef = WD0000000000000000000233 /* SavedContactsView.swift */; };
		WD0000000000000000000133 /* TemplatesView.swift in Sources */ = {isa = PBXBuildFile; fileRef = WD0000000000000000000234 /* TemplatesView.swift */; };
		WD0000000000000000000134 /* SettingsView.swift in Sources */ = {isa = PBXBuildFile; fileRef = WD0000000000000000000235 /* SettingsView.swift */; };
		WD0000000000000000000135 /* ScannerView.swift in Sources */ = {isa = PBXBuildFile; fileRef = WD0000000000000000000236 /* ScannerView.swift */; };
		WD0000000000000000000136 /* EmptyStateCard.swift in Sources */ = {isa = PBXBuildFile; fileRef = WD0000000000000000000237 /* EmptyStateCard.swift */; };
		WD0000000000000000000137 /* CodableStore.swift in Sources */ = {isa = PBXBuildFile; fileRef = WD0000000000000000000238 /* CodableStore.swift */; };
		WD0000000000000000000138 /* VisualSystem.swift in Sources */ = {isa = PBXBuildFile; fileRef = WD0000000000000000000239 /* VisualSystem.swift */; };
/* End PBXBuildFile section */

/* Begin PBXFileReference section */
		WD0000000000000000000200 /* What Direct.app */ = {isa = PBXFileReference; explicitFileType = wrapper.application; includeInIndex = 0; path = "What Direct.app"; sourceTree = BUILT_PRODUCTS_DIR; };
		WD0000000000000000000201 /* What_DirectApp.swift */ = {isa = PBXFileReference; lastKnownFileType = sourcecode.swift; path = What_DirectApp.swift; sourceTree = "<group>"; };
		WD0000000000000000000202 /* HomeView.swift */ = {isa = PBXFileReference; lastKnownFileType = sourcecode.swift; path = HomeView.swift; sourceTree = "<group>"; };
		WD0000000000000000000203 /* CountryPickerView.swift */ = {isa = PBXFileReference; lastKnownFileType = sourcecode.swift; path = CountryPickerView.swift; sourceTree = "<group>"; };
		WD0000000000000000000204 /* HomeViewModel.swift */ = {isa = PBXFileReference; lastKnownFileType = sourcecode.swift; path = HomeViewModel.swift; sourceTree = "<group>"; };
		WD0000000000000000000205 /* Country.swift */ = {isa = PBXFileReference; lastKnownFileType = sourcecode.swift; path = Country.swift; sourceTree = "<group>"; };
		WD0000000000000000000206 /* PhoneNumberFormatter.swift */ = {isa = PBXFileReference; lastKnownFileType = sourcecode.swift; path = PhoneNumberFormatter.swift; sourceTree = "<group>"; };
		WD0000000000000000000207 /* Assets.xcassets */ = {isa = PBXFileReference; lastKnownFileType = folder.assetcatalog; path = Assets.xcassets; sourceTree = "<group>"; };
		WD0000000000000000000208 /* Info.plist */ = {isa = PBXFileReference; lastKnownFileType = text.plist.xml; path = Info.plist; sourceTree = "<group>"; };
		WD0000000000000000000209 /* RecentEntry.swift */ = {isa = PBXFileReference; lastKnownFileType = sourcecode.swift; path = RecentEntry.swift; sourceTree = "<group>"; };
		WD0000000000000000000210 /* WhatsAppURLBuilder.swift */ = {isa = PBXFileReference; lastKnownFileType = sourcecode.swift; path = WhatsAppURLBuilder.swift; sourceTree = "<group>"; };
		WD0000000000000000000211 /* ClipboardManager.swift */ = {isa = PBXFileReference; lastKnownFileType = sourcecode.swift; path = ClipboardManager.swift; sourceTree = "<group>"; };
		WD0000000000000000000212 /* RecentHistoryStore.swift */ = {isa = PBXFileReference; lastKnownFileType = sourcecode.swift; path = RecentHistoryStore.swift; sourceTree = "<group>"; };
		WD0000000000000000000214 /* MessageTemplate.swift */ = {isa = PBXFileReference; lastKnownFileType = sourcecode.swift; path = MessageTemplate.swift; sourceTree = "<group>"; };
		WD0000000000000000000215 /* WhatsAppPayload.swift */ = {isa = PBXFileReference; lastKnownFileType = sourcecode.swift; path = WhatsAppPayload.swift; sourceTree = "<group>"; };
		WD0000000000000000000216 /* CountryDetector.swift */ = {isa = PBXFileReference; lastKnownFileType = sourcecode.swift; path = CountryDetector.swift; sourceTree = "<group>"; };
		WD0000000000000000000217 /* TemplateStore.swift */ = {isa = PBXFileReference; lastKnownFileType = sourcecode.swift; path = TemplateStore.swift; sourceTree = "<group>"; };
		WD0000000000000000000218 /* Haptics.swift */ = {isa = PBXFileReference; lastKnownFileType = sourcecode.swift; path = Haptics.swift; sourceTree = "<group>"; };
		WD0000000000000000000226 /* AppSettings.swift */ = {isa = PBXFileReference; lastKnownFileType = sourcecode.swift; path = AppSettings.swift; sourceTree = "<group>"; };
		WD0000000000000000000227 /* SavedContact.swift */ = {isa = PBXFileReference; lastKnownFileType = sourcecode.swift; path = SavedContact.swift; sourceTree = "<group>"; };
		WD0000000000000000000228 /* SavedContactsStore.swift */ = {isa = PBXFileReference; lastKnownFileType = sourcecode.swift; path = SavedContactsStore.swift; sourceTree = "<group>"; };
		WD0000000000000000000229 /* SettingsStore.swift */ = {isa = PBXFileReference; lastKnownFileType = sourcecode.swift; path = SettingsStore.swift; sourceTree = "<group>"; };
		WD0000000000000000000230 /* ConversationLauncher.swift */ = {isa = PBXFileReference; lastKnownFileType = sourcecode.swift; path = ConversationLauncher.swift; sourceTree = "<group>"; };
		WD0000000000000000000231 /* RootTabView.swift */ = {isa = PBXFileReference; lastKnownFileType = sourcecode.swift; path = RootTabView.swift; sourceTree = "<group>"; };
		WD0000000000000000000232 /* HistoryView.swift */ = {isa = PBXFileReference; lastKnownFileType = sourcecode.swift; path = HistoryView.swift; sourceTree = "<group>"; };
		WD0000000000000000000233 /* SavedContactsView.swift */ = {isa = PBXFileReference; lastKnownFileType = sourcecode.swift; path = SavedContactsView.swift; sourceTree = "<group>"; };
		WD0000000000000000000234 /* TemplatesView.swift */ = {isa = PBXFileReference; lastKnownFileType = sourcecode.swift; path = TemplatesView.swift; sourceTree = "<group>"; };
		WD0000000000000000000235 /* SettingsView.swift */ = {isa = PBXFileReference; lastKnownFileType = sourcecode.swift; path = SettingsView.swift; sourceTree = "<group>"; };
		WD0000000000000000000236 /* ScannerView.swift */ = {isa = PBXFileReference; lastKnownFileType = sourcecode.swift; path = ScannerView.swift; sourceTree = "<group>"; };
		WD0000000000000000000237 /* EmptyStateCard.swift */ = {isa = PBXFileReference; lastKnownFileType = sourcecode.swift; path = EmptyStateCard.swift; sourceTree = "<group>"; };
		WD0000000000000000000238 /* CodableStore.swift */ = {isa = PBXFileReference; lastKnownFileType = sourcecode.swift; path = CodableStore.swift; sourceTree = "<group>"; };
		WD0000000000000000000239 /* VisualSystem.swift */ = {isa = PBXFileReference; lastKnownFileType = sourcecode.swift; path = VisualSystem.swift; sourceTree = "<group>"; };
/* End PBXFileReference section */

/* Begin PBXFrameworksBuildPhase section */
		WD0000000000000000000601 /* Frameworks */ = {
			isa = PBXFrameworksBuildPhase;
			buildActionMask = 2147483647;
			files = (
			);
			runOnlyForDeploymentPostprocessing = 0;
		};
/* End PBXFrameworksBuildPhase section */

/* Begin PBXGroup section */
		WD0000000000000000000400 = {
			isa = PBXGroup;
			children = (
				WD0000000000000000000402 /* What Direct */,
				WD0000000000000000000401 /* Products */,
			);
			sourceTree = "<group>";
		};
		WD0000000000000000000401 /* Products */ = {
			isa = PBXGroup;
			children = (
				WD0000000000000000000200 /* What Direct.app */,
			);
			name = Products;
			sourceTree = "<group>";
		};
		WD0000000000000000000402 /* What Direct */ = {
			isa = PBXGroup;
			children = (
				WD0000000000000000000201 /* What_DirectApp.swift */,
				WD0000000000000000000404 /* Views */,
				WD0000000000000000000405 /* ViewModels */,
				WD0000000000000000000406 /* Models */,
				WD0000000000000000000407 /* Utils */,
				WD0000000000000000000408 /* Resources */,
			);
			path = "What Direct";
			sourceTree = "<group>";
		};
		WD0000000000000000000404 /* Views */ = {
			isa = PBXGroup;
			children = (
				WD0000000000000000000202 /* HomeView.swift */,
				WD0000000000000000000203 /* CountryPickerView.swift */,
				WD0000000000000000000231 /* RootTabView.swift */,
				WD0000000000000000000232 /* HistoryView.swift */,
				WD0000000000000000000233 /* SavedContactsView.swift */,
				WD0000000000000000000234 /* TemplatesView.swift */,
				WD0000000000000000000235 /* SettingsView.swift */,
				WD0000000000000000000236 /* ScannerView.swift */,
				WD0000000000000000000409 /* Components */,
				WD0000000000000000000410 /* Sheets */,
			);
			path = Views;
			sourceTree = "<group>";
		};
		WD0000000000000000000405 /* ViewModels */ = {
			isa = PBXGroup;
			children = (
				WD0000000000000000000204 /* HomeViewModel.swift */,
			);
			path = ViewModels;
			sourceTree = "<group>";
		};
		WD0000000000000000000406 /* Models */ = {
			isa = PBXGroup;
			children = (
				WD0000000000000000000205 /* Country.swift */,
				WD0000000000000000000226 /* AppSettings.swift */,
				WD0000000000000000000209 /* RecentEntry.swift */,
				WD0000000000000000000214 /* MessageTemplate.swift */,
				WD0000000000000000000215 /* WhatsAppPayload.swift */,
				WD0000000000000000000227 /* SavedContact.swift */,
			);
			path = Models;
			sourceTree = "<group>";
		};
		WD0000000000000000000407 /* Utils */ = {
			isa = PBXGroup;
			children = (
				WD0000000000000000000206 /* PhoneNumberFormatter.swift */,
				WD0000000000000000000210 /* WhatsAppURLBuilder.swift */,
				WD0000000000000000000211 /* ClipboardManager.swift */,
				WD0000000000000000000212 /* RecentHistoryStore.swift */,
				WD0000000000000000000216 /* CountryDetector.swift */,
				WD0000000000000000000217 /* TemplateStore.swift */,
				WD0000000000000000000218 /* Haptics.swift */,
				WD0000000000000000000228 /* SavedContactsStore.swift */,
				WD0000000000000000000229 /* SettingsStore.swift */,
				WD0000000000000000000230 /* ConversationLauncher.swift */,
				WD0000000000000000000238 /* CodableStore.swift */,
			);
			path = Utils;
			sourceTree = "<group>";
		};
		WD0000000000000000000408 /* Resources */ = {
			isa = PBXGroup;
			children = (
				WD0000000000000000000207 /* Assets.xcassets */,
				WD0000000000000000000208 /* Info.plist */,
			);
			path = Resources;
			sourceTree = "<group>";
		};
		WD0000000000000000000409 /* Components */ = {
			isa = PBXGroup;
			children = (
				WD0000000000000000000237 /* EmptyStateCard.swift */,
				WD0000000000000000000239 /* VisualSystem.swift */,
			);
			path = Components;
			sourceTree = "<group>";
		};
		WD0000000000000000000410 /* Sheets */ = {
			isa = PBXGroup;
			children = (
			);
			path = Sheets;
			sourceTree = "<group>";
		};
/* End PBXGroup section */

/* Begin PBXNativeTarget section */
		WD0000000000000000000500 /* What Direct */ = {
			isa = PBXNativeTarget;
			buildConfigurationList = WD0000000000000000000901 /* Build configuration list for PBXNativeTarget "What Direct" */;
			buildPhases = (
				WD0000000000000000000701 /* Sources */,
				WD0000000000000000000601 /* Frameworks */,
				WD0000000000000000000801 /* Resources */,
			);
			buildRules = (
			);
			dependencies = (
			);
			name = "What Direct";
			productName = "What Direct";
			productReference = WD0000000000000000000200 /* What Direct.app */;
			productType = "com.apple.product-type.application";
		};
/* End PBXNativeTarget section */

/* Begin PBXProject section */
		WD0000000000000000000001 /* Project object */ = {
			isa = PBXProject;
			attributes = {
				BuildIndependentTargetsInParallel = 1;
				LastSwiftUpdateCheck = 1600;
				LastUpgradeCheck = 1620;
				TargetAttributes = {
					WD0000000000000000000500 = {
						CreatedOnToolsVersion = 16.0;
					};
				};
			};
			buildConfigurationList = WD0000000000000000000900 /* Build configuration list for PBXProject "What Direct" */;
			compatibilityVersion = "Xcode 14.0";
			developmentRegion = en;
			hasScannedForEncodings = 0;
			knownRegions = (
				en,
				Base,
			);
			mainGroup = WD0000000000000000000400;
			productRefGroup = WD0000000000000000000401 /* Products */;
			projectDirPath = "";
			projectRoot = "";
			targets = (
				WD0000000000000000000500 /* What Direct */,
			);
		};
/* End PBXProject section */

/* Begin PBXResourcesBuildPhase section */
		WD0000000000000000000801 /* Resources */ = {
			isa = PBXResourcesBuildPhase;
			buildActionMask = 2147483647;
			files = (
				WD0000000000000000000107 /* Assets.xcassets in Resources */,
			);
			runOnlyForDeploymentPostprocessing = 0;
		};
/* End PBXResourcesBuildPhase section */

/* Begin PBXSourcesBuildPhase section */
		WD0000000000000000000701 /* Sources */ = {
			isa = PBXSourcesBuildPhase;
			buildActionMask = 2147483647;
			files = (
				WD0000000000000000000101 /* What_DirectApp.swift in Sources */,
				WD0000000000000000000102 /* HomeView.swift in Sources */,
				WD0000000000000000000103 /* CountryPickerView.swift in Sources */,
				WD0000000000000000000104 /* HomeViewModel.swift in Sources */,
				WD0000000000000000000105 /* Country.swift in Sources */,
				WD0000000000000000000106 /* PhoneNumberFormatter.swift in Sources */,
				WD0000000000000000000108 /* RecentEntry.swift in Sources */,
				WD0000000000000000000109 /* WhatsAppURLBuilder.swift in Sources */,
				WD0000000000000000000110 /* ClipboardManager.swift in Sources */,
				WD0000000000000000000111 /* RecentHistoryStore.swift in Sources */,
				WD0000000000000000000113 /* MessageTemplate.swift in Sources */,
				WD0000000000000000000114 /* WhatsAppPayload.swift in Sources */,
				WD0000000000000000000115 /* CountryDetector.swift in Sources */,
				WD0000000000000000000116 /* TemplateStore.swift in Sources */,
				WD0000000000000000000117 /* Haptics.swift in Sources */,
				WD0000000000000000000125 /* AppSettings.swift in Sources */,
				WD0000000000000000000126 /* SavedContact.swift in Sources */,
				WD0000000000000000000127 /* SavedContactsStore.swift in Sources */,
				WD0000000000000000000128 /* SettingsStore.swift in Sources */,
				WD0000000000000000000129 /* ConversationLauncher.swift in Sources */,
				WD0000000000000000000130 /* RootTabView.swift in Sources */,
				WD0000000000000000000131 /* HistoryView.swift in Sources */,
				WD0000000000000000000132 /* SavedContactsView.swift in Sources */,
				WD0000000000000000000133 /* TemplatesView.swift in Sources */,
				WD0000000000000000000134 /* SettingsView.swift in Sources */,
				WD0000000000000000000135 /* ScannerView.swift in Sources */,
				WD0000000000000000000136 /* EmptyStateCard.swift in Sources */,
				WD0000000000000000000137 /* CodableStore.swift in Sources */,
				WD0000000000000000000138 /* VisualSystem.swift in Sources */,
			);
			runOnlyForDeploymentPostprocessing = 0;
		};
/* End PBXSourcesBuildPhase section */

/* Begin XCBuildConfiguration section */
		WD0000000000000000001101 /* Debug */ = {
			isa = XCBuildConfiguration;
			buildSettings = {
				ALWAYS_SEARCH_USER_PATHS = NO;
				CLANG_ENABLE_MODULES = YES;
				CODE_SIGN_STYLE = Automatic;
				CURRENT_PROJECT_VERSION = 1;
				DEVELOPMENT_TEAM = 69SKD4YG4H;
				MARKETING_VERSION = 1.0;
				SDKROOT = iphoneos;
				SWIFT_VERSION = 5.0;
			};
			name = Debug;
		};
		WD0000000000000000001102 /* Release */ = {
			isa = XCBuildConfiguration;
			buildSettings = {
				ALWAYS_SEARCH_USER_PATHS = NO;
				CLANG_ENABLE_MODULES = YES;
				CODE_SIGN_STYLE = Automatic;
				CURRENT_PROJECT_VERSION = 1;
				DEVELOPMENT_TEAM = 69SKD4YG4H;
				MARKETING_VERSION = 1.0;
				SDKROOT = iphoneos;
				SWIFT_VERSION = 5.0;
			};
			name = Release;
		};
		WD0000000000000000001111 /* Debug */ = {
			isa = XCBuildConfiguration;
			buildSettings = {
				ASSETCATALOG_COMPILER_APPICON_NAME = AppIcon;
				CLANG_ENABLE_MODULES = YES;
				CODE_SIGN_STYLE = Automatic;
				CURRENT_PROJECT_VERSION = 1;
				DEVELOPMENT_TEAM = 69SKD4YG4H;
				GENERATE_INFOPLIST_FILE = NO;
				INFOPLIST_FILE = "What Direct/Resources/Info.plist";
				IPHONEOS_DEPLOYMENT_TARGET = 16.0;
				LD_RUNPATH_SEARCH_PATHS = (
					"$(inherited)",
					"@executable_path/Frameworks",
				);
				MARKETING_VERSION = 1.0;
				PRODUCT_BUNDLE_IDENTIFIER = com.pedrosanmiguel.WhatDirect;
				PRODUCT_NAME = "$(TARGET_NAME)";
				SDKROOT = iphoneos;
				SUPPORTED_PLATFORMS = "iphonesimulator iphoneos";
				SWIFT_EMIT_LOC_STRINGS = YES;
				SWIFT_VERSION = 5.0;
				TARGETED_DEVICE_FAMILY = 1;
			};
			name = Debug;
		};
		WD0000000000000000001112 /* Release */ = {
			isa = XCBuildConfiguration;
			buildSettings = {
				ASSETCATALOG_COMPILER_APPICON_NAME = AppIcon;
				CLANG_ENABLE_MODULES = YES;
				CODE_SIGN_STYLE = Automatic;
				CURRENT_PROJECT_VERSION = 1;
				DEVELOPMENT_TEAM = 69SKD4YG4H;
				GENERATE_INFOPLIST_FILE = NO;
				INFOPLIST_FILE = "What Direct/Resources/Info.plist";
				IPHONEOS_DEPLOYMENT_TARGET = 16.0;
				LD_RUNPATH_SEARCH_PATHS = (
					"$(inherited)",
					"@executable_path/Frameworks",
				);
				MARKETING_VERSION = 1.0;
				PRODUCT_BUNDLE_IDENTIFIER = com.pedrosanmiguel.WhatDirect;
				PRODUCT_NAME = "$(TARGET_NAME)";
				SDKROOT = iphoneos;
				SUPPORTED_PLATFORMS = "iphonesimulator iphoneos";
				SWIFT_COMPILATION_MODE = wholemodule;
				SWIFT_EMIT_LOC_STRINGS = YES;
				SWIFT_VERSION = 5.0;
				TARGETED_DEVICE_FAMILY = 1;
			};
			name = Release;
		};
/* End XCBuildConfiguration section */

/* Begin XCConfigurationList section */
		WD0000000000000000000900 /* Build configuration list for PBXProject "What Direct" */ = {
			isa = XCConfigurationList;
			buildConfigurations = (
				WD0000000000000000001101 /* Debug */,
				WD0000000000000000001102 /* Release */,
			);
			defaultConfigurationIsVisible = 0;
			defaultConfigurationName = Release;
		};
		WD0000000000000000000901 /* Build configuration list for PBXNativeTarget "What Direct" */ = {
			isa = XCConfigurationList;
			buildConfigurations = (
				WD0000000000000000001111 /* Debug */,
				WD0000000000000000001112 /* Release */,
			);
			defaultConfigurationIsVisible = 0;
			defaultConfigurationName = Release;
		};
/* End XCConfigurationList section */
	};
	rootObject = WD0000000000000000000001 /* Project object */;
}
